
Microsoft Visual Studio Solution File, Format Version 12.00
# Visual Studio Version 17
VisualStudioVersion = 17.9.34728.123
MinimumVisualStudioVersion = 10.0.40219.1
Project("{FAE04EC0-301F-11D3-BF4B-00C04F79EFBC}") = "MicroservicesECommerce.ProductApi", "MicroservicesECommerce.ProductApi\MicroservicesECommerce.ProductApi.csproj", "{17D76D78-97CF-4548-AF09-03F6DFDC3CEC}"
EndProject
Global
	GlobalSection(SolutionConfigurationPlatforms) = preSolution
		Debug|Any CPU = Debug|Any CPU
		Release|Any CPU = Release|Any CPU
	EndGlobalSection
	GlobalSection(ProjectConfigurationPlatforms) = postSolution
		{17D76D78-97CF-4548-AF09-03F6DFDC3CEC}.Debug|Any CPU.ActiveCfg = Debug|Any CPU
		{17D76D78-97CF-4548-AF09-03F6DFDC3CEC}.Debug|Any CPU.Build.0 = Debug|Any CPU
		{17D76D78-97CF-4548-AF09-03F6DFDC3CEC}.Release|Any CPU.ActiveCfg = Release|Any CPU
		{17D76D78-97CF-4548-AF09-03F6DFDC3CEC}.Release|Any CPU.Build.0 = Release|Any CPU
	EndGlobalSection
	GlobalSection(SolutionProperties) = preSolution
		HideSolutionNode = FALSE
	EndGlobalSection
	GlobalSection(ExtensibilityGlobals) = postSolution
		SolutionGuid = {A74ACDEA-AB26-44DC-BA6E-0E646173B8E7}
	EndGlobalSection
EndGlobal
